// !$*UTF8*$!
{
	archiveVersion = 1;
	classes = {
	};
	objectVersion = 50;
	objects = {

/* Begin PBXBuildFile section */
		B70E3801242B7FFE0074F572 /* AppDelegate.swift in Sources */ = {isa = PBXBuildFile; fileRef = B70E3800242B7FFE0074F572 /* AppDelegate.swift */; };
		B70E3805242B7FFE0074F572 /* HomeViewController.swift in Sources */ = {isa = PBXBuildFile; fileRef = B70E3804242B7FFE0074F572 /* HomeViewController.swift */; };
		B70E3808242B7FFE0074F572 /* Main.storyboard in Resources */ = {isa = PBXBuildFile; fileRef = B70E3806242B7FFE0074F572 /* Main.storyboard */; };
		B70E380A242B80000074F572 /* Assets.xcassets in Resources */ = {isa = PBXBuildFile; fileRef = B70E3809242B80000074F572 /* Assets.xcassets */; };
		B70E380D242B80000074F572 /* LaunchScreen.storyboard in Resources */ = {isa = PBXBuildFile; fileRef = B70E380B242B80000074F572 /* LaunchScreen.storyboard */; };
		B70E3818242B80000074F572 /* PhotoSearchFlkrTests.swift in Sources */ = {isa = PBXBuildFile; fileRef = B70E3817242B80000074F572 /* PhotoSearchFlkrTests.swift */; };
		B70E3823242B80000074F572 /* PhotoSearchFlkrUITests.swift in Sources */ = {isa = PBXBuildFile; fileRef = B70E3822242B80000074F572 /* PhotoSearchFlkrUITests.swift */; };
		B70E3831242B98B60074F572 /* ImageDisplayCollectionViewCell.swift in Sources */ = {isa = PBXBuildFile; fileRef = B70E3830242B98B60074F572 /* ImageDisplayCollectionViewCell.swift */; };
		B70E3833242B99CD0074F572 /* FlickrSearchDataModel.swift in Sources */ = {isa = PBXBuildFile; fileRef = B70E3832242B99CD0074F572 /* FlickrSearchDataModel.swift */; };
		B70E3835242B9F0A0074F572 /* HomeViewModel.swift in Sources */ = {isa = PBXBuildFile; fileRef = B70E3834242B9F0A0074F572 /* HomeViewModel.swift */; };
		B72917DC242BAAD0007F0573 /* NetworkManager.swift in Sources */ = {isa = PBXBuildFile; fileRef = B72917DB242BAAD0007F0573 /* NetworkManager.swift */; };
		B72917E4242BAC44007F0573 /* UIImageViewExtension.swift in Sources */ = {isa = PBXBuildFile; fileRef = B72917E3242BAC43007F0573 /* UIImageViewExtension.swift */; };
		B72917E6242BADC1007F0573 /* UICollectionViewExtension.swift in Sources */ = {isa = PBXBuildFile; fileRef = B72917E5242BADC1007F0573 /* UICollectionViewExtension.swift */; };
		B78185B7242BB51B004F0AE5 /* AppConstants.swift in Sources */ = {isa = PBXBuildFile; fileRef = B78185B6242BB51B004F0AE5 /* AppConstants.swift */; };
		B78185BA242BE676004F0AE5 /* ActivityIndicatable.swift in Sources */ = {isa = PBXBuildFile; fileRef = B78185B9242BE676004F0AE5 /* ActivityIndicatable.swift */; };
/* End PBXBuildFile section */

/* Begin PBXContainerItemProxy section */
		B70E3814242B80000074F572 /* PBXContainerItemProxy */ = {
			isa = PBXContainerItemProxy;
			containerPortal = B70E37F5242B7FFE0074F572 /* Project object */;
			proxyType = 1;
			remoteGlobalIDString = B70E37FC242B7FFE0074F572;
			remoteInfo = PhotoSearchFlkr;
		};
		B70E381F242B80000074F572 /* PBXContainerItemProxy */ = {
			isa = PBXContainerItemProxy;
			containerPortal = B70E37F5242B7FFE0074F572 /* Project object */;
			proxyType = 1;
			remoteGlobalIDString = B70E37FC242B7FFE0074F572;
			remoteInfo = PhotoSearchFlkr;
		};
/* End PBXContainerItemProxy section */

/* Begin PBXFileReference section */
		B70E37FD242B7FFE0074F572 /* PhotoSearchFlkr.app */ = {isa = PBXFileReference; explicitFileType = wrapper.application; includeInIndex = 0; path = PhotoSearchFlkr.app; sourceTree = BUILT_PRODUCTS_DIR; };
		B70E3800242B7FFE0074F572 /* AppDelegate.swift */ = {isa = PBXFileReference; lastKnownFileType = sourcecode.swift; path = AppDelegate.swift; sourceTree = "<group>"; };
		B70E3804242B7FFE0074F572 /* HomeViewController.swift */ = {isa = PBXFileReference; lastKnownFileType = sourcecode.swift; path = HomeViewController.swift; sourceTree = "<group>"; };
		B70E3807242B7FFE0074F572 /* Base */ = {isa = PBXFileReference; lastKnownFileType = file.storyboard; name = Base; path = Base.lproj/Main.storyboard; sourceTree = "<group>"; };
		B70E3809242B80000074F572 /* Assets.xcassets */ = {isa = PBXFileReference; lastKnownFileType = folder.assetcatalog; path = Assets.xcassets; sourceTree = "<group>"; };
		B70E380C242B80000074F572 /* Base */ = {isa = PBXFileReference; lastKnownFileType = file.storyboard; name = Base; path = Base.lproj/LaunchScreen.storyboard; sourceTree = "<group>"; };
		B70E380E242B80000074F572 /* Info.plist */ = {isa = PBXFileReference; lastKnownFileType = text.plist.xml; path = Info.plist; sourceTree = "<group>"; };
		B70E3813242B80000074F572 /* PhotoSearchFlkrTests.xctest */ = {isa = PBXFileReference; explicitFileType = wrapper.cfbundle; includeInIndex = 0; path = PhotoSearchFlkrTests.xctest; sourceTree = BUILT_PRODUCTS_DIR; };
		B70E3817242B80000074F572 /* PhotoSearchFlkrTests.swift */ = {isa = PBXFileReference; lastKnownFileType = sourcecode.swift; path = PhotoSearchFlkrTests.swift; sourceTree = "<group>"; };
		B70E3819242B80000074F572 /* Info.plist */ = {isa = PBXFileReference; lastKnownFileType = text.plist.xml; path = Info.plist; sourceTree = "<group>"; };
		B70E381E242B80000074F572 /* PhotoSearchFlkrUITests.xctest */ = {isa = PBXFileReference; explicitFileType = wrapper.cfbundle; includeInIndex = 0; path = PhotoSearchFlkrUITests.xctest; sourceTree = BUILT_PRODUCTS_DIR; };
		B70E3822242B80000074F572 /* PhotoSearchFlkrUITests.swift */ = {isa = PBXFileReference; lastKnownFileType = sourcecode.swift; path = PhotoSearchFlkrUITests.swift; sourceTree = "<group>"; };
		B70E3824242B80000074F572 /* Info.plist */ = {isa = PBXFileReference; lastKnownFileType = text.plist.xml; path = Info.plist; sourceTree = "<group>"; };
		B70E3830242B98B60074F572 /* ImageDisplayCollectionViewCell.swift */ = {isa = PBXFileReference; lastKnownFileType = sourcecode.swift; path = ImageDisplayCollectionViewCell.swift; sourceTree = "<group>"; };
		B70E3832242B99CD0074F572 /* FlickrSearchDataModel.swift */ = {isa = PBXFileReference; lastKnownFileType = sourcecode.swift; path = FlickrSearchDataModel.swift; sourceTree = "<group>"; };
		B70E3834242B9F0A0074F572 /* HomeViewModel.swift */ = {isa = PBXFileReference; lastKnownFileType = sourcecode.swift; path = HomeViewModel.swift; sourceTree = "<group>"; };
		B72917DB242BAAD0007F0573 /* NetworkManager.swift */ = {isa = PBXFileReference; lastKnownFileType = sourcecode.swift; path = NetworkManager.swift; sourceTree = "<group>"; };
		B72917E3242BAC43007F0573 /* UIImageViewExtension.swift */ = {isa = PBXFileReference; lastKnownFileType = sourcecode.swift; path = UIImageViewExtension.swift; sourceTree = "<group>"; };
		B72917E5242BADC1007F0573 /* UICollectionViewExtension.swift */ = {isa = PBXFileReference; lastKnownFileType = sourcecode.swift; path = UICollectionViewExtension.swift; sourceTree = "<group>"; };
		B78185B6242BB51B004F0AE5 /* AppConstants.swift */ = {isa = PBXFileReference; lastKnownFileType = sourcecode.swift; path = AppConstants.swift; sourceTree = "<group>"; };
		B78185B9242BE676004F0AE5 /* ActivityIndicatable.swift */ = {isa = PBXFileReference; lastKnownFileType = sourcecode.swift; path = ActivityIndicatable.swift; sourceTree = "<group>"; };
/* End PBXFileReference section */

/* Begin PBXFrameworksBuildPhase section */
		B70E37FA242B7FFE0074F572 /* Frameworks */ = {
			isa = PBXFrameworksBuildPhase;
			buildActionMask = 2147483647;
			files = (
			);
			runOnlyForDeploymentPostprocessing = 0;
		};
		B70E3810242B80000074F572 /* Frameworks */ = {
			isa = PBXFrameworksBuildPhase;
			buildActionMask = 2147483647;
			files = (
			);
			runOnlyForDeploymentPostprocessing = 0;
		};
		B70E381B242B80000074F572 /* Frameworks */ = {
			isa = PBXFrameworksBuildPhase;
			buildActionMask = 2147483647;
			files = (
			);
			runOnlyForDeploymentPostprocessing = 0;
		};
/* End PBXFrameworksBuildPhase section */

/* Begin PBXGroup section */
		B70E37F4242B7FFE0074F572 = {
			isa = PBXGroup;
			children = (
				B70E37FF242B7FFE0074F572 /* PhotoSearchFlkr */,
				B70E3816242B80000074F572 /* PhotoSearchFlkrTests */,
				B70E3821242B80000074F572 /* PhotoSearchFlkrUITests */,
				B70E37FE242B7FFE0074F572 /* Products */,
			);
			sourceTree = "<group>";
		};
		B70E37FE242B7FFE0074F572 /* Products */ = {
			isa = PBXGroup;
			children = (
				B70E37FD242B7FFE0074F572 /* PhotoSearchFlkr.app */,
				B70E3813242B80000074F572 /* PhotoSearchFlkrTests.xctest */,
				B70E381E242B80000074F572 /* PhotoSearchFlkrUITests.xctest */,
			);
			name = Products;
			sourceTree = "<group>";
		};
		B70E37FF242B7FFE0074F572 /* PhotoSearchFlkr */ = {
			isa = PBXGroup;
			children = (
				B72917DE242BAB10007F0573 /* DataModel */,
				B72917DF242BAB1A007F0573 /* View */,
				B72917E0242BAB24007F0573 /* ViewModel */,
				B72917E1242BAB2D007F0573 /* Extensions */,
				B72917DD242BAB00007F0573 /* DataManager */,
				B72917E2242BAB96007F0573 /* SupportingFiles */,
				B70E3800242B7FFE0074F572 /* AppDelegate.swift */,
				B70E3806242B7FFE0074F572 /* Main.storyboard */,
				B70E3809242B80000074F572 /* Assets.xcassets */,
				B70E380B242B80000074F572 /* LaunchScreen.storyboard */,
				B70E380E242B80000074F572 /* Info.plist */,
			);
			path = PhotoSearchFlkr;
			sourceTree = "<group>";
		};
		B70E3816242B80000074F572 /* PhotoSearchFlkrTests */ = {
			isa = PBXGroup;
			children = (
				B70E3817242B80000074F572 /* PhotoSearchFlkrTests.swift */,
				B70E3819242B80000074F572 /* Info.plist */,
			);
			path = PhotoSearchFlkrTests;
			sourceTree = "<group>";
		};
		B70E3821242B80000074F572 /* PhotoSearchFlkrUITests */ = {
			isa = PBXGroup;
			children = (
				B70E3822242B80000074F572 /* PhotoSearchFlkrUITests.swift */,
				B70E3824242B80000074F572 /* Info.plist */,
			);
			path = PhotoSearchFlkrUITests;
			sourceTree = "<group>";
		};
		B72917DD242BAB00007F0573 /* DataManager */ = {
			isa = PBXGroup;
			children = (
				B72917DB242BAAD0007F0573 /* NetworkManager.swift */,
			);
			path = DataManager;
			sourceTree = "<group>";
		};
		B72917DE242BAB10007F0573 /* DataModel */ = {
			isa = PBXGroup;
			children = (
				B70E3832242B99CD0074F572 /* FlickrSearchDataModel.swift */,
			);
			path = DataModel;
			sourceTree = "<group>";
		};
		B72917DF242BAB1A007F0573 /* View */ = {
			isa = PBXGroup;
			children = (
				B70E3804242B7FFE0074F572 /* HomeViewController.swift */,
				B78185B8242BC247004F0AE5 /* Cells */,
			);
			path = View;
			sourceTree = "<group>";
		};
		B72917E0242BAB24007F0573 /* ViewModel */ = {
			isa = PBXGroup;
			children = (
				B70E3834242B9F0A0074F572 /* HomeViewModel.swift */,
			);
			path = ViewModel;
			sourceTree = "<group>";
		};
		B72917E1242BAB2D007F0573 /* Extensions */ = {
			isa = PBXGroup;
			children = (
				B72917E3242BAC43007F0573 /* UIImageViewExtension.swift */,
				B72917E5242BADC1007F0573 /* UICollectionViewExtension.swift */,
			);
			path = Extensions;
			sourceTree = "<group>";
		};
		B72917E2242BAB96007F0573 /* SupportingFiles */ = {
			isa = PBXGroup;
			children = (
				B78185B6242BB51B004F0AE5 /* AppConstants.swift */,
				B78185B9242BE676004F0AE5 /* ActivityIndicatable.swift */,
			);
			path = SupportingFiles;
			sourceTree = "<group>";
		};
		B78185B8242BC247004F0AE5 /* Cells */ = {
			isa = PBXGroup;
			children = (
				B70E3830242B98B60074F572 /* ImageDisplayCollectionViewCell.swift */,
			);
			path = Cells;
			sourceTree = "<group>";
		};
/* End PBXGroup section */

/* Begin PBXNativeTarget section */
		B70E37FC242B7FFE0074F572 /* PhotoSearchFlkr */ = {
			isa = PBXNativeTarget;
			buildConfigurationList = B70E3827242B80000074F572 /* Build configuration list for PBXNativeTarget "PhotoSearchFlkr" */;
			buildPhases = (
				B70E37F9242B7FFE0074F572 /* Sources */,
				B70E37FA242B7FFE0074F572 /* Frameworks */,
				B70E37FB242B7FFE0074F572 /* Resources */,
			);
			buildRules = (
			);
			dependencies = (
			);
			name = PhotoSearchFlkr;
			productName = PhotoSearchFlkr;
			productReference = B70E37FD242B7FFE0074F572 /* PhotoSearchFlkr.app */;
			productType = "com.apple.product-type.application";
		};
		B70E3812242B80000074F572 /* PhotoSearchFlkrTests */ = {
			isa = PBXNativeTarget;
			buildConfigurationList = B70E382A242B80000074F572 /* Build configuration list for PBXNativeTarget "PhotoSearchFlkrTests" */;
			buildPhases = (
				B70E380F242B80000074F572 /* Sources */,
				B70E3810242B80000074F572 /* Frameworks */,
				B70E3811242B80000074F572 /* Resources */,
			);
			buildRules = (
			);
			dependencies = (
				B70E3815242B80000074F572 /* PBXTargetDependency */,
			);
			name = PhotoSearchFlkrTests;
			productName = PhotoSearchFlkrTests;
			productReference = B70E3813242B80000074F572 /* PhotoSearchFlkrTests.xctest */;
			productType = "com.apple.product-type.bundle.unit-test";
		};
		B70E381D242B80000074F572 /* PhotoSearchFlkrUITests */ = {
			isa = PBXNativeTarget;
			buildConfigurationList = B70E382D242B80000074F572 /* Build configuration list for PBXNativeTarget "PhotoSearchFlkrUITests" */;
			buildPhases = (
				B70E381A242B80000074F572 /* Sources */,
				B70E381B242B80000074F572 /* Frameworks */,
				B70E381C242B80000074F572 /* Resources */,
			);
			buildRules = (
			);
			dependencies = (
				B70E3820242B80000074F572 /* PBXTargetDependency */,
			);
			name = PhotoSearchFlkrUITests;
			productName = PhotoSearchFlkrUITests;
			productReference = B70E381E242B80000074F572 /* PhotoSearchFlkrUITests.xctest */;
			productType = "com.apple.product-type.bundle.ui-testing";
		};
/* End PBXNativeTarget section */

/* Begin PBXProject section */
		B70E37F5242B7FFE0074F572 /* Project object */ = {
			isa = PBXProject;
			attributes = {
				LastSwiftUpdateCheck = 1130;
				LastUpgradeCheck = 1130;
				ORGANIZATIONNAME = Dunzo;
				TargetAttributes = {
					B70E37FC242B7FFE0074F572 = {
						CreatedOnToolsVersion = 11.3.1;
					};
					B70E3812242B80000074F572 = {
						CreatedOnToolsVersion = 11.3.1;
						TestTargetID = B70E37FC242B7FFE0074F572;
					};
					B70E381D242B80000074F572 = {
						CreatedOnToolsVersion = 11.3.1;
						TestTargetID = B70E37FC242B7FFE0074F572;
					};
				};
			};
			buildConfigurationList = B70E37F8242B7FFE0074F572 /* Build configuration list for PBXProject "PhotoSearchFlkr" */;
			compatibilityVersion = "Xcode 9.3";
			developmentRegion = en;
			hasScannedForEncodings = 0;
			knownRegions = (
				en,
				Base,
			);
			mainGroup = B70E37F4242B7FFE0074F572;
			productRefGroup = B70E37FE242B7FFE0074F572 /* Products */;
			projectDirPath = "";
			projectRoot = "";
			targets = (
				B70E37FC242B7FFE0074F572 /* PhotoSearchFlkr */,
				B70E3812242B80000074F572 /* PhotoSearchFlkrTests */,
				B70E381D242B80000074F572 /* PhotoSearchFlkrUITests */,
			);
		};
/* End PBXProject section */

/* Begin PBXResourcesBuildPhase section */
		B70E37FB242B7FFE0074F572 /* Resources */ = {
			isa = PBXResourcesBuildPhase;
			buildActionMask = 2147483647;
			files = (
				B70E380D242B80000074F572 /* LaunchScreen.storyboard in Resources */,
				B70E380A242B80000074F572 /* Assets.xcassets in Resources */,
				B70E3808242B7FFE0074F572 /* Main.storyboard in Resources */,
			);
			runOnlyForDeploymentPostprocessing = 0;
		};
		B70E3811242B80000074F572 /* Resources */ = {
			isa = PBXResourcesBuildPhase;
			buildActionMask = 2147483647;
			files = (
			);
			runOnlyForDeploymentPostprocessing = 0;
		};
		B70E381C242B80000074F572 /* Resources */ = {
			isa = PBXResourcesBuildPhase;
			buildActionMask = 2147483647;
			files = (
			);
			runOnlyForDeploymentPostprocessing = 0;
		};
/* End PBXResourcesBuildPhase section */

/* Begin PBXSourcesBuildPhase section */
		B70E37F9242B7FFE0074F572 /* Sources */ = {
			isa = PBXSourcesBuildPhase;
			buildActionMask = 2147483647;
			files = (
				B72917DC242BAAD0007F0573 /* NetworkManager.swift in Sources */,
				B78185B7242BB51B004F0AE5 /* AppConstants.swift in Sources */,
				B72917E4242BAC44007F0573 /* UIImageViewExtension.swift in Sources */,
				B78185BA242BE676004F0AE5 /* ActivityIndicatable.swift in Sources */,
				B70E3805242B7FFE0074F572 /* HomeViewController.swift in Sources */,
				B70E3801242B7FFE0074F572 /* AppDelegate.swift in Sources */,
				B70E3833242B99CD0074F572 /* FlickrSearchDataModel.swift in Sources */,
				B70E3835242B9F0A0074F572 /* HomeViewModel.swift in Sources */,
				B70E3831242B98B60074F572 /* ImageDisplayCollectionViewCell.swift in Sources */,
				B72917E6242BADC1007F0573 /* UICollectionViewExtension.swift in Sources */,
			);
			runOnlyForDeploymentPostprocessing = 0;
		};
		B70E380F242B80000074F572 /* Sources */ = {
			isa = PBXSourcesBuildPhase;
			buildActionMask = 2147483647;
			files = (
				B70E3818242B80000074F572 /* PhotoSearchFlkrTests.swift in Sources */,
			);
			runOnlyForDeploymentPostprocessing = 0;
		};
		B70E381A242B80000074F572 /* Sources */ = {
			isa = PBXSourcesBuildPhase;
			buildActionMask = 2147483647;
			files = (
				B70E3823242B80000074F572 /* PhotoSearchFlkrUITests.swift in Sources */,
			);
			runOnlyForDeploymentPostprocessing = 0;
		};
/* End PBXSourcesBuildPhase section */

/* Begin PBXTargetDependency section */
		B70E3815242B80000074F572 /* PBXTargetDependency */ = {
			isa = PBXTargetDependency;
			target = B70E37FC242B7FFE0074F572 /* PhotoSearchFlkr */;
			targetProxy = B70E3814242B80000074F572 /* PBXContainerItemProxy */;
		};
		B70E3820242B80000074F572 /* PBXTargetDependency */ = {
			isa = PBXTargetDependency;
			target = B70E37FC242B7FFE0074F572 /* PhotoSearchFlkr */;
			targetProxy = B70E381F242B80000074F572 /* PBXContainerItemProxy */;
		};
/* End PBXTargetDependency section */

/* Begin PBXVariantGroup section */
		B70E3806242B7FFE0074F572 /* Main.storyboard */ = {
			isa = PBXVariantGroup;
			children = (
				B70E3807242B7FFE0074F572 /* Base */,
			);
			name = Main.storyboard;
			sourceTree = "<group>";
		};
		B70E380B242B80000074F572 /* LaunchScreen.storyboard */ = {
			isa = PBXVariantGroup;
			children = (
				B70E380C242B80000074F572 /* Base */,
			);
			name = LaunchScreen.storyboard;
			sourceTree = "<group>";
		};
/* End PBXVariantGroup section */

/* Begin XCBuildConfiguration section */
		B70E3825242B80000074F572 /* Debug */ = {
			isa = XCBuildConfiguration;
			buildSettings = {
				ALWAYS_SEARCH_USER_PATHS = NO;
				CLANG_ANALYZER_NONNULL = YES;
				CLANG_ANALYZER_NUMBER_OBJECT_CONVERSION = YES_AGGRESSIVE;
				CLANG_CXX_LANGUAGE_STANDARD = "gnu++14";
				CLANG_CXX_LIBRARY = "libc++";
				CLANG_ENABLE_MODULES = YES;
				CLANG_ENABLE_OBJC_ARC = YES;
				CLANG_ENABLE_OBJC_WEAK = YES;
				CLANG_WARN_BLOCK_CAPTURE_AUTORELEASING = YES;
				CLANG_WARN_BOOL_CONVERSION = YES;
				CLANG_WARN_COMMA = YES;
				CLANG_WARN_CONSTANT_CONVERSION = YES;
				CLANG_WARN_DEPRECATED_OBJC_IMPLEMENTATIONS = YES;
				CLANG_WARN_DIRECT_OBJC_ISA_USAGE = YES_ERROR;
				CLANG_WARN_DOCUMENTATION_COMMENTS = YES;
				CLANG_WARN_EMPTY_BODY = YES;
				CLANG_WARN_ENUM_CONVERSION = YES;
				CLANG_WARN_INFINITE_RECURSION = YES;
				CLANG_WARN_INT_CONVERSION = YES;
				CLANG_WARN_NON_LITERAL_NULL_CONVERSION = YES;
				CLANG_WARN_OBJC_IMPLICIT_RETAIN_SELF = YES;
				CLANG_WARN_OBJC_LITERAL_CONVERSION = YES;
				CLANG_WARN_OBJC_ROOT_CLASS = YES_ERROR;
				CLANG_WARN_RANGE_LOOP_ANALYSIS = YES;
				CLANG_WARN_STRICT_PROTOTYPES = YES;
				CLANG_WARN_SUSPICIOUS_MOVE = YES;
				CLANG_WARN_UNGUARDED_AVAILABILITY = YES_AGGRESSIVE;
				CLANG_WARN_UNREACHABLE_CODE = YES;
				CLANG_WARN__DUPLICATE_METHOD_MATCH = YES;
				COPY_PHASE_STRIP = NO;
				DEBUG_INFORMATION_FORMAT = dwarf;
				ENABLE_STRICT_OBJC_MSGSEND = YES;
				ENABLE_TESTABILITY = YES;
				GCC_C_LANGUAGE_STANDARD = gnu11;
				GCC_DYNAMIC_NO_PIC = NO;
				GCC_NO_COMMON_BLOCKS = YES;
				GCC_OPTIMIZATION_LEVEL = 0;
				GCC_PREPROCESSOR_DEFINITIONS = (
					"DEBUG=1",
					"$(inherited)",
				);
				GCC_WARN_64_TO_32_BIT_CONVERSION = YES;
				GCC_WARN_ABOUT_RETURN_TYPE = YES_ERROR;
				GCC_WARN_UNDECLARED_SELECTOR = YES;
				GCC_WARN_UNINITIALIZED_AUTOS = YES_AGGRESSIVE;
				GCC_WARN_UNUSED_FUNCTION = YES;
				GCC_WARN_UNUSED_VARIABLE = YES;
				IPHONEOS_DEPLOYMENT_TARGET = 13.2;
				MTL_ENABLE_DEBUG_INFO = INCLUDE_SOURCE;
				MTL_FAST_MATH = YES;
				ONLY_ACTIVE_ARCH = YES;
				SDKROOT = iphoneos;
				SWIFT_ACTIVE_COMPILATION_CONDITIONS = DEBUG;
				SWIFT_OPTIMIZATION_LEVEL = "-Onone";
			};
			name = Debug;
		};
		B70E3826242B80000074F572 /* Release */ = {
			isa = XCBuildConfiguration;
			buildSettings = {
				ALWAYS_SEARCH_USER_PATHS = NO;
				CLANG_ANALYZER_NONNULL = YES;
				CLANG_ANALYZER_NUMBER_OBJECT_CONVERSION = YES_AGGRESSIVE;
				CLANG_CXX_LANGUAGE_STANDARD = "gnu++14";
				CLANG_CXX_LIBRARY = "libc++";
				CLANG_ENABLE_MODULES = YES;
				CLANG_ENABLE_OBJC_ARC = YES;
				CLANG_ENABLE_OBJC_WEAK = YES;
				CLANG_WARN_BLOCK_CAPTURE_AUTORELEASING = YES;
				CLANG_WARN_BOOL_CONVERSION = YES;
				CLANG_WARN_COMMA = YES;
				CLANG_WARN_CONSTANT_CONVERSION = YES;
				CLANG_WARN_DEPRECATED_OBJC_IMPLEMENTATIONS = YES;
				CLANG_WARN_DIRECT_OBJC_ISA_USAGE = YES_ERROR;
				CLANG_WARN_DOCUMENTATION_COMMENTS = YES;
				CLANG_WARN_EMPTY_BODY = YES;
				CLANG_WARN_ENUM_CONVERSION = YES;
				CLANG_WARN_INFINITE_RECURSION = YES;
				CLANG_WARN_INT_CONVERSION = YES;
				CLANG_WARN_NON_LITERAL_NULL_CONVERSION = YES;
				CLANG_WARN_OBJC_IMPLICIT_RETAIN_SELF = YES;
				CLANG_WARN_OBJC_LITERAL_CONVERSION = YES;
				CLANG_WARN_OBJC_ROOT_CLASS = YES_ERROR;
				CLANG_WARN_RANGE_LOOP_ANALYSIS = YES;
				CLANG_WARN_STRICT_PROTOTYPES = YES;
				CLANG_WARN_SUSPICIOUS_MOVE = YES;
				CLANG_WARN_UNGUARDED_AVAILABILITY = YES_AGGRESSIVE;
				CLANG_WARN_UNREACHABLE_CODE = YES;
				CLANG_WARN__DUPLICATE_METHOD_MATCH = YES;
				COPY_PHASE_STRIP = NO;
				DEBUG_INFORMATION_FORMAT = "dwarf-with-dsym";
				ENABLE_NS_ASSERTIONS = NO;
				ENABLE_STRICT_OBJC_MSGSEND = YES;
				GCC_C_LANGUAGE_STANDARD = gnu11;
				GCC_NO_COMMON_BLOCKS = YES;
				GCC_WARN_64_TO_32_BIT_CONVERSION = YES;
				GCC_WARN_ABOUT_RETURN_TYPE = YES_ERROR;
				GCC_WARN_UNDECLARED_SELECTOR = YES;
				GCC_WARN_UNINITIALIZED_AUTOS = YES_AGGRESSIVE;
				GCC_WARN_UNUSED_FUNCTION = YES;
				GCC_WARN_UNUSED_VARIABLE = YES;
				IPHONEOS_DEPLOYMENT_TARGET = 13.2;
				MTL_ENABLE_DEBUG_INFO = NO;
				MTL_FAST_MATH = YES;
				SDKROOT = iphoneos;
				SWIFT_COMPILATION_MODE = wholemodule;
				SWIFT_OPTIMIZATION_LEVEL = "-O";
				VALIDATE_PRODUCT = YES;
			};
			name = Release;
		};
		B70E3828242B80000074F572 /* Debug */ = {
			isa = XCBuildConfiguration;
			buildSettings = {
				ASSETCATALOG_COMPILER_APPICON_NAME = AppIcon;
				CODE_SIGN_STYLE = Automatic;
				DEVELOPMENT_TEAM = QUMV2M4J6U;
				INFOPLIST_FILE = PhotoSearchFlkr/Info.plist;
				LD_RUNPATH_SEARCH_PATHS = (
					"$(inherited)",
					"@executable_path/Frameworks",
				);
				PRODUCT_BUNDLE_IDENTIFIER = com.Dunzo.PhotoSearchFlkr;
				PRODUCT_NAME = "$(TARGET_NAME)";
				SWIFT_VERSION = 5.0;
				TARGETED_DEVICE_FAMILY = "1,2";
			};
			name = Debug;
		};
		B70E3829242B80000074F572 /* Release */ = {
			isa = XCBuildConfiguration;
			buildSettings = {
				ASSETCATALOG_COMPILER_APPICON_NAME = AppIcon;
				CODE_SIGN_STYLE = Automatic;
				DEVELOPMENT_TEAM = QUMV2M4J6U;
				INFOPLIST_FILE = PhotoSearchFlkr/Info.plist;
				LD_RUNPATH_SEARCH_PATHS = (
					"$(inherited)",
					"@executable_path/Frameworks",
				);
				PRODUCT_BUNDLE_IDENTIFIER = com.Dunzo.PhotoSearchFlkr;
				PRODUCT_NAME = "$(TARGET_NAME)";
				SWIFT_VERSION = 5.0;
				TARGETED_DEVICE_FAMILY = "1,2";
			};
			name = Release;
		};
		B70E382B242B80000074F572 /* Debug */ = {
			isa = XCBuildConfiguration;
			buildSettings = {
				ALWAYS_EMBED_SWIFT_STANDARD_LIBRARIES = YES;
				BUNDLE_LOADER = "$(TEST_HOST)";
				CODE_SIGN_STYLE = Automatic;
				DEVELOPMENT_TEAM = QUMV2M4J6U;
				INFOPLIST_FILE = PhotoSearchFlkrTests/Info.plist;
				IPHONEOS_DEPLOYMENT_TARGET = 13.2;
				LD_RUNPATH_SEARCH_PATHS = (
					"$(inherited)",
					"@executable_path/Frameworks",
					"@loader_path/Frameworks",
				);
				PRODUCT_BUNDLE_IDENTIFIER = com.Dunzo.PhotoSearchFlkrTests;
				PRODUCT_NAME = "$(TARGET_NAME)";
				SWIFT_VERSION = 5.0;
				TARGETED_DEVICE_FAMILY = "1,2";
				TEST_HOST = "$(BUILT_PRODUCTS_DIR)/PhotoSearchFlkr.app/PhotoSearchFlkr";
			};
			name = Debug;
		};
		B70E382C242B80000074F572 /* Release */ = {
			isa = XCBuildConfiguration;
			buildSettings = {
				ALWAYS_EMBED_SWIFT_STANDARD_LIBRARIES = YES;
				BUNDLE_LOADER = "$(TEST_HOST)";
				CODE_SIGN_STYLE = Automatic;
				DEVELOPMENT_TEAM = QUMV2M4J6U;
				INFOPLIST_FILE = PhotoSearchFlkrTests/Info.plist;
				IPHONEOS_DEPLOYMENT_TARGET = 13.2;
				LD_RUNPATH_SEARCH_PATHS = (
					"$(inherited)",
					"@executable_path/Frameworks",
					"@loader_path/Frameworks",
				);
				PRODUCT_BUNDLE_IDENTIFIER = com.Dunzo.PhotoSearchFlkrTests;
				PRODUCT_NAME = "$(TARGET_NAME)";
				SWIFT_VERSION = 5.0;
				TARGETED_DEVICE_FAMILY = "1,2";
				TEST_HOST = "$(BUILT_PRODUCTS_DIR)/PhotoSearchFlkr.app/PhotoSearchFlkr";
			};
			name = Release;
		};
		B70E382E242B80000074F572 /* Debug */ = {
			isa = XCBuildConfiguration;
			buildSettings = {
				ALWAYS_EMBED_SWIFT_STANDARD_LIBRARIES = YES;
				CODE_SIGN_STYLE = Automatic;
				DEVELOPMENT_TEAM = QUMV2M4J6U;
				INFOPLIST_FILE = PhotoSearchFlkrUITests/Info.plist;
				LD_RUNPATH_SEARCH_PATHS = (
					"$(inherited)",
					"@executable_path/Frameworks",
					"@loader_path/Frameworks",
				);
				PRODUCT_BUNDLE_IDENTIFIER = com.Dunzo.PhotoSearchFlkrUITests;
				PRODUCT_NAME = "$(TARGET_NAME)";
				SWIFT_VERSION = 5.0;
				TARGETED_DEVICE_FAMILY = "1,2";
				TEST_TARGET_NAME = PhotoSearchFlkr;
			};
			name = Debug;
		};
		B70E382F242B80000074F572 /* Release */ = {
			isa = XCBuildConfiguration;
			buildSettings = {
				ALWAYS_EMBED_SWIFT_STANDARD_LIBRARIES = YES;
				CODE_SIGN_STYLE = Automatic;
				DEVELOPMENT_TEAM = QUMV2M4J6U;
				INFOPLIST_FILE = PhotoSearchFlkrUITests/Info.plist;
				LD_RUNPATH_SEARCH_PATHS = (
					"$(inherited)",
					"@executable_path/Frameworks",
					"@loader_path/Frameworks",
				);
				PRODUCT_BUNDLE_IDENTIFIER = com.Dunzo.PhotoSearchFlkrUITests;
				PRODUCT_NAME = "$(TARGET_NAME)";
				SWIFT_VERSION = 5.0;
				TARGETED_DEVICE_FAMILY = "1,2";
				TEST_TARGET_NAME = PhotoSearchFlkr;
			};
			name = Release;
		};
/* End XCBuildConfiguration section */

/* Begin XCConfigurationList section */
		B70E37F8242B7FFE0074F572 /* Build configuration list for PBXProject "PhotoSearchFlkr" */ = {
			isa = XCConfigurationList;
			buildConfigurations = (
				B70E3825242B80000074F572 /* Debug */,
				B70E3826242B80000074F572 /* Release */,
			);
			defaultConfigurationIsVisible = 0;
			defaultConfigurationName = Release;
		};
		B70E3827242B80000074F572 /* Build configuration list for PBXNativeTarget "PhotoSearchFlkr" */ = {
			isa = XCConfigurationList;
			buildConfigurations = (
				B70E3828242B80000074F572 /* Debug */,
				B70E3829242B80000074F572 /* Release */,
			);
			defaultConfigurationIsVisible = 0;
			defaultConfigurationName = Release;
		};
		B70E382A242B80000074F572 /* Build configuration list for PBXNativeTarget "PhotoSearchFlkrTests" */ = {
			isa = XCConfigurationList;
			buildConfigurations = (
				B70E382B242B80000074F572 /* Debug */,
				B70E382C242B80000074F572 /* Release */,
			);
			defaultConfigurationIsVisible = 0;
			defaultConfigurationName = Release;
		};
		B70E382D242B80000074F572 /* Build configuration list for PBXNativeTarget "PhotoSearchFlkrUITests" */ = {
			isa = XCConfigurationList;
			buildConfigurations = (
				B70E382E242B80000074F572 /* Debug */,
				B70E382F242B80000074F572 /* Release */,
			);
			defaultConfigurationIsVisible = 0;
			defaultConfigurationName = Release;
		};
/* End XCConfigurationList section */
	};
	rootObject = B70E37F5242B7FFE0074F572 /* Project object */;
}
